
Microsoft Visual Studio Solution File, Format Version 12.00
# Visual Studio Version 17
VisualStudioVersion = 17.6.33801.468
MinimumVisualStudioVersion = 10.0.40219.1
Project("{FAE04EC0-301F-11D3-BF4B-00C04F79EFBC}") = "Csezar", "Csezar.csproj", "{5802AE09-C8C4-4AF1-A7AC-83AFE98C96B0}"
EndProject
Project("{FAE04EC0-301F-11D3-BF4B-00C04F79EFBC}") = "TestProject1", "..\TestProject1\TestProject1.csproj", "{4DB86B64-5DF8-4107-AA41-925B32F5F198}"
EndProject
Global
	GlobalSection(SolutionConfigurationPlatforms) = preSolution
		Debug|Any CPU = Debug|Any CPU
		Release|Any CPU = Release|Any CPU
	EndGlobalSection
	GlobalSection(ProjectConfigurationPlatforms) = postSolution
		{5802AE09-C8C4-4AF1-A7AC-83AFE98C96B0}.Debug|Any CPU.ActiveCfg = Debug|Any CPU
		{5802AE09-C8C4-4AF1-A7AC-83AFE98C96B0}.Debug|Any CPU.Build.0 = Debug|Any CPU
		{5802AE09-C8C4-4AF1-A7AC-83AFE98C96B0}.Release|Any CPU.ActiveCfg = Release|Any CPU
		{5802AE09-C8C4-4AF1-A7AC-83AFE98C96B0}.Release|Any CPU.Build.0 = Release|Any CPU
		{4DB86B64-5DF8-4107-AA41-925B32F5F198}.Debug|Any CPU.ActiveCfg = Debug|Any CPU
		{4DB86B64-5DF8-4107-AA41-925B32F5F198}.Debug|Any CPU.Build.0 = Debug|Any CPU
		{4DB86B64-5DF8-4107-AA41-925B32F5F198}.Release|Any CPU.ActiveCfg = Release|Any CPU
		{4DB86B64-5DF8-4107-AA41-925B32F5F198}.Release|Any CPU.Build.0 = Release|Any CPU
	EndGlobalSection
	GlobalSection(SolutionProperties) = preSolution
		HideSolutionNode = FALSE
	EndGlobalSection
	GlobalSection(ExtensibilityGlobals) = postSolution
		SolutionGuid = {B02B4E66-2D94-4F4E-BF3F-160F759B4DB2}
	EndGlobalSection
EndGlobal
